
Microsoft Visual Studio Solution File, Format Version 12.00
# Visual Studio Version 16
VisualStudioVersion = 16.0.31005.135
MinimumVisualStudioVersion = 10.0.40219.1
Project("{888888A0-9F3D-457C-B088-3A5042F75D52}") = "FlaskWebProject7", "FlaskWebProject7\FlaskWebProject7.pyproj", "{333ECAD7-20CD-43C4-AC5F-4ABEA879EB69}"
EndProject
Global
	GlobalSection(SolutionConfigurationPlatforms) = preSolution
		Debug|Any CPU = Debug|Any CPU
		Release|Any CPU = Release|Any CPU
	EndGlobalSection
	GlobalSection(ProjectConfigurationPlatforms) = postSolution
		{333ECAD7-20CD-43C4-AC5F-4ABEA879EB69}.Debug|Any CPU.ActiveCfg = Debug|Any CPU
		{333ECAD7-20CD-43C4-AC5F-4ABEA879EB69}.Debug|Any CPU.Build.0 = Debug|Any CPU
		{333ECAD7-20CD-43C4-AC5F-4ABEA879EB69}.Release|Any CPU.ActiveCfg = Release|Any CPU
		{333ECAD7-20CD-43C4-AC5F-4ABEA879EB69}.Release|Any CPU.Build.0 = Release|Any CPU
	EndGlobalSection
	GlobalSection(SolutionProperties) = preSolution
		HideSolutionNode = FALSE
	EndGlobalSection
	GlobalSection(ExtensibilityGlobals) = postSolution
		SolutionGuid = {185626C4-A35E-41F8-836B-554086A6ECE3}
	EndGlobalSection
EndGlobal
